
Microsoft Visual Studio Solution File, Format Version 12.00
# Visual Studio Version 17
VisualStudioVersion = 17.14.36401.2 d17.14
MinimumVisualStudioVersion = 10.0.40219.1
Project("{00D1A9C2-B5F0-4AF3-8072-F6C62B433612}") = "Database1", "Database1\Database1.sqlproj", "{BABAA614-696D-47E4-AD30-31622B233859}"
EndProject
Global
	GlobalSection(SolutionConfigurationPlatforms) = preSolution
		Debug|Any CPU = Debug|Any CPU
		Release|Any CPU = Release|Any CPU
	EndGlobalSection
	GlobalSection(ProjectConfigurationPlatforms) = postSolution
		{BABAA614-696D-47E4-AD30-31622B233859}.Debug|Any CPU.ActiveCfg = Debug|Any CPU
		{BABAA614-696D-47E4-AD30-31622B233859}.Debug|Any CPU.Build.0 = Debug|Any CPU
		{BABAA614-696D-47E4-AD30-31622B233859}.Debug|Any CPU.Deploy.0 = Debug|Any CPU
		{BABAA614-696D-47E4-AD30-31622B233859}.Release|Any CPU.ActiveCfg = Release|Any CPU
		{BABAA614-696D-47E4-AD30-31622B233859}.Release|Any CPU.Build.0 = Release|Any CPU
		{BABAA614-696D-47E4-AD30-31622B233859}.Release|Any CPU.Deploy.0 = Release|Any CPU
	EndGlobalSection
	GlobalSection(SolutionProperties) = preSolution
		HideSolutionNode = FALSE
	EndGlobalSection
	GlobalSection(ExtensibilityGlobals) = postSolution
		SolutionGuid = {DC1BFD7E-01E0-4A57-B6D6-9AECBD355723}
	EndGlobalSection
EndGlobal
